Microsoft Visual Studio Solution File, Format Version 12.00
# Visual Studio Version 17
VisualStudioVersion = 17.13.35919.96
MinimumVisualStudioVersion = 10.0.40219.1
Project("{FAE04EC0-301F-11D3-BF4B-00C04F79EFBC}") = "GestionEmpresa", "GestionEmpresa.csproj", "{409314E8-1314-4B10-B384-4FBA9BD3F4B4}"
EndProject
Global
	GlobalSection(SolutionConfigurationPlatforms) = preSolution
		Debug|Any CPU = Debug|Any CPU
		Release|Any CPU = Release|Any CPU
	EndGlobalSection
	GlobalSection(ProjectConfigurationPlatforms) = postSolution
		{409314E8-1314-4B10-B384-4FBA9BD3F4B4}.Debug|Any CPU.ActiveCfg = Debug|Any CPU
		{409314E8-1314-4B10-B384-4FBA9BD3F4B4}.Debug|Any CPU.Build.0 = Debug|Any CPU
		{409314E8-1314-4B10-B384-4FBA9BD3F4B4}.Release|Any CPU.ActiveCfg = Release|Any CPU
		{409314E8-1314-4B10-B384-4FBA9BD3F4B4}.Release|Any CPU.Build.0 = Release|Any CPU
	EndGlobalSection
	GlobalSection(SolutionProperties) = preSolution
		HideSolutionNode = FALSE
	EndGlobalSection
	GlobalSection(ExtensibilityGlobals) = postSolution
		SolutionGuid = {D11A93AB-063A-44D7-83A4-9D3D7CF89975}
	EndGlobalSection
EndGlobal
